
Microsoft Visual Studio Solution File, Format Version 12.00
# Visual Studio Version 17
VisualStudioVersion = 17.4.33122.133
MinimumVisualStudioVersion = 10.0.40219.1
Project("{2150E333-8FDC-42A3-9474-1A3956D46DE8}") = "src", "src", "{11867A04-D279-4A85-906E-1603B0BFF976}"
EndProject
Project("{2150E333-8FDC-42A3-9474-1A3956D46DE8}") = "test", "test", "{C74486BB-DA38-41A8-8A6B-78422C539AF2}"
EndProject
Project("{2150E333-8FDC-42A3-9474-1A3956D46DE8}") = "API", "API", "{168AE65C-0387-430F-AC4E-7785790DADAD}"
EndProject
Project("{2150E333-8FDC-42A3-9474-1A3956D46DE8}") = "Core", "Core", "{CD1E6DD6-9731-40C6-9090-F8E465514275}"
EndProject
Project("{2150E333-8FDC-42A3-9474-1A3956D46DE8}") = "Infrastructure", "Infrastructure", "{442ADC2E-DBF9-4827-B60E-DED9C5186024}"
EndProject
Project("{2150E333-8FDC-42A3-9474-1A3956D46DE8}") = "UI", "UI", "{4A2D7A40-0155-4A71-93B8-C646C5250E8A}"
EndProject
Project("{9A19103F-16F7-4668-BE54-9A1E7A4F7556}") = "Domain", "Domain\Domain.csproj", "{5FF30C6E-0569-4D0E-BD23-E50B5D47EED3}"
EndProject
Project("{9A19103F-16F7-4668-BE54-9A1E7A4F7556}") = "Application", "Application\Application.csproj", "{4B080ABE-65F4-4ED9-B22B-5088F671AE5C}"
EndProject
Project("{9A19103F-16F7-4668-BE54-9A1E7A4F7556}") = "Persistence", "Persistence\Persistence.csproj", "{FBA88E13-DF76-4270-B0E8-3F7F1580CC45}"
EndProject
Project("{9A19103F-16F7-4668-BE54-9A1E7A4F7556}") = "Infrastructure", "Infrastructure\Infrastructure.csproj", "{79BCB8EA-5246-482B-B099-555D19E46148}"
EndProject
Project("{9A19103F-16F7-4668-BE54-9A1E7A4F7556}") = "API", "API\API.csproj", "{64435B3A-A094-4E6C-B0A9-EAD1091FBEB1}"
EndProject
Project("{9A19103F-16F7-4668-BE54-9A1E7A4F7556}") = "Application.UnitTests", "Application.UnitTests\Application.UnitTests.csproj", "{89117C64-F597-4736-B34D-1C8F2C85166E}"
EndProject
Project("{FAE04EC0-301F-11D3-BF4B-00C04F79EFBC}") = "Identity", "Identity\Identity.csproj", "{6D291D85-E971-4BB0-8E44-9493F864A98B}"
EndProject
Global
	GlobalSection(SolutionConfigurationPlatforms) = preSolution
		Debug|Any CPU = Debug|Any CPU
		Release|Any CPU = Release|Any CPU
	EndGlobalSection
	GlobalSection(ProjectConfigurationPlatforms) = postSolution
		{5FF30C6E-0569-4D0E-BD23-E50B5D47EED3}.Debug|Any CPU.ActiveCfg = Debug|Any CPU
		{5FF30C6E-0569-4D0E-BD23-E50B5D47EED3}.Debug|Any CPU.Build.0 = Debug|Any CPU
		{5FF30C6E-0569-4D0E-BD23-E50B5D47EED3}.Release|Any CPU.ActiveCfg = Release|Any CPU
		{5FF30C6E-0569-4D0E-BD23-E50B5D47EED3}.Release|Any CPU.Build.0 = Release|Any CPU
		{4B080ABE-65F4-4ED9-B22B-5088F671AE5C}.Debug|Any CPU.ActiveCfg = Debug|Any CPU
		{4B080ABE-65F4-4ED9-B22B-5088F671AE5C}.Debug|Any CPU.Build.0 = Debug|Any CPU
		{4B080ABE-65F4-4ED9-B22B-5088F671AE5C}.Release|Any CPU.ActiveCfg = Release|Any CPU
		{4B080ABE-65F4-4ED9-B22B-5088F671AE5C}.Release|Any CPU.Build.0 = Release|Any CPU
		{FBA88E13-DF76-4270-B0E8-3F7F1580CC45}.Debug|Any CPU.ActiveCfg = Debug|Any CPU
		{FBA88E13-DF76-4270-B0E8-3F7F1580CC45}.Debug|Any CPU.Build.0 = Debug|Any CPU
		{FBA88E13-DF76-4270-B0E8-3F7F1580CC45}.Release|Any CPU.ActiveCfg = Release|Any CPU
		{FBA88E13-DF76-4270-B0E8-3F7F1580CC45}.Release|Any CPU.Build.0 = Release|Any CPU
		{79BCB8EA-5246-482B-B099-555D19E46148}.Debug|Any CPU.ActiveCfg = Debug|Any CPU
		{79BCB8EA-5246-482B-B099-555D19E46148}.Debug|Any CPU.Build.0 = Debug|Any CPU
		{79BCB8EA-5246-482B-B099-555D19E46148}.Release|Any CPU.ActiveCfg = Release|Any CPU
		{79BCB8EA-5246-482B-B099-555D19E46148}.Release|Any CPU.Build.0 = Release|Any CPU
		{64435B3A-A094-4E6C-B0A9-EAD1091FBEB1}.Debug|Any CPU.ActiveCfg = Debug|Any CPU
		{64435B3A-A094-4E6C-B0A9-EAD1091FBEB1}.Debug|Any CPU.Build.0 = Debug|Any CPU
		{64435B3A-A094-4E6C-B0A9-EAD1091FBEB1}.Release|Any CPU.ActiveCfg = Release|Any CPU
		{64435B3A-A094-4E6C-B0A9-EAD1091FBEB1}.Release|Any CPU.Build.0 = Release|Any CPU
		{89117C64-F597-4736-B34D-1C8F2C85166E}.Debug|Any CPU.ActiveCfg = Debug|Any CPU
		{89117C64-F597-4736-B34D-1C8F2C85166E}.Debug|Any CPU.Build.0 = Debug|Any CPU
		{89117C64-F597-4736-B34D-1C8F2C85166E}.Release|Any CPU.ActiveCfg = Release|Any CPU
		{89117C64-F597-4736-B34D-1C8F2C85166E}.Release|Any CPU.Build.0 = Release|Any CPU
		{6D291D85-E971-4BB0-8E44-9493F864A98B}.Debug|Any CPU.ActiveCfg = Debug|Any CPU
		{6D291D85-E971-4BB0-8E44-9493F864A98B}.Debug|Any CPU.Build.0 = Debug|Any CPU
		{6D291D85-E971-4BB0-8E44-9493F864A98B}.Release|Any CPU.ActiveCfg = Release|Any CPU
		{6D291D85-E971-4BB0-8E44-9493F864A98B}.Release|Any CPU.Build.0 = Release|Any CPU
	EndGlobalSection
	GlobalSection(SolutionProperties) = preSolution
		HideSolutionNode = FALSE
	EndGlobalSection
	GlobalSection(NestedProjects) = preSolution
		{168AE65C-0387-430F-AC4E-7785790DADAD} = {11867A04-D279-4A85-906E-1603B0BFF976}
		{CD1E6DD6-9731-40C6-9090-F8E465514275} = {11867A04-D279-4A85-906E-1603B0BFF976}
		{442ADC2E-DBF9-4827-B60E-DED9C5186024} = {11867A04-D279-4A85-906E-1603B0BFF976}
		{4A2D7A40-0155-4A71-93B8-C646C5250E8A} = {11867A04-D279-4A85-906E-1603B0BFF976}
		{5FF30C6E-0569-4D0E-BD23-E50B5D47EED3} = {CD1E6DD6-9731-40C6-9090-F8E465514275}
		{4B080ABE-65F4-4ED9-B22B-5088F671AE5C} = {CD1E6DD6-9731-40C6-9090-F8E465514275}
		{FBA88E13-DF76-4270-B0E8-3F7F1580CC45} = {442ADC2E-DBF9-4827-B60E-DED9C5186024}
		{79BCB8EA-5246-482B-B099-555D19E46148} = {442ADC2E-DBF9-4827-B60E-DED9C5186024}
		{64435B3A-A094-4E6C-B0A9-EAD1091FBEB1} = {168AE65C-0387-430F-AC4E-7785790DADAD}
		{89117C64-F597-4736-B34D-1C8F2C85166E} = {C74486BB-DA38-41A8-8A6B-78422C539AF2}
		{6D291D85-E971-4BB0-8E44-9493F864A98B} = {442ADC2E-DBF9-4827-B60E-DED9C5186024}
	EndGlobalSection
	GlobalSection(ExtensibilityGlobals) = postSolution
		SolutionGuid = {A5AD9080-B1E0-44BF-99FD-EA39EC956579}
	EndGlobalSection
EndGlobal
